
Microsoft Visual Studio Solution File, Format Version 12.00
# Visual Studio Version 17
VisualStudioVersion = 17.4.33110.190
MinimumVisualStudioVersion = 10.0.40219.1
Project("{FAE04EC0-301F-11D3-BF4B-00C04F79EFBC}") = "Kursavaya", "Kursavaya.csproj", "{69110C19-A635-4120-BF83-F4B6E1474A8B}"
EndProject
Global
	GlobalSection(SolutionConfigurationPlatforms) = preSolution
		Debug|Any CPU = Debug|Any CPU
		Release|Any CPU = Release|Any CPU
	EndGlobalSection
	GlobalSection(ProjectConfigurationPlatforms) = postSolution
		{69110C19-A635-4120-BF83-F4B6E1474A8B}.Debug|Any CPU.ActiveCfg = Debug|Any CPU
		{69110C19-A635-4120-BF83-F4B6E1474A8B}.Debug|Any CPU.Build.0 = Debug|Any CPU
		{69110C19-A635-4120-BF83-F4B6E1474A8B}.Release|Any CPU.ActiveCfg = Release|Any CPU
		{69110C19-A635-4120-BF83-F4B6E1474A8B}.Release|Any CPU.Build.0 = Release|Any CPU
	EndGlobalSection
	GlobalSection(SolutionProperties) = preSolution
		HideSolutionNode = FALSE
	EndGlobalSection
	GlobalSection(ExtensibilityGlobals) = postSolution
		SolutionGuid = {8A665F41-76E4-4000-9144-FFC89B633D09}
	EndGlobalSection
EndGlobal
